// !$*UTF8*$!
{
	archiveVersion = 1;
	classes = {
	};
	objectVersion = 54;
	objects = {

/* Begin PBXBuildFile section */
		00E356F31AD99517003FC87E /* CoffeShopTests.m in Sources */ = {isa = PBXBuildFile; fileRef = 00E356F21AD99517003FC87E /* CoffeShopTests.m */; };
		0C80B921A6F3F58F76C31292 /* libPods-CoffeShop.a in Frameworks */ = {isa = PBXBuildFile; fileRef = 5DCACB8F33CDC322A6C60F78 /* libPods-CoffeShop.a */; };
		13B07FBC1A68108700A75B9A /* AppDelegate.mm in Sources */ = {isa = PBXBuildFile; fileRef = 13B07FB01A68108700A75B9A /* AppDelegate.mm */; };
		13B07FBF1A68108700A75B9A /* Images.xcassets in Resources */ = {isa = PBXBuildFile; fileRef = 13B07FB51A68108700A75B9A /* Images.xcassets */; };
		13B07FC11A68108700A75B9A /* main.m in Sources */ = {isa = PBXBuildFile; fileRef = 13B07FB71A68108700A75B9A /* main.m */; };
		7699B88040F8A987B510C191 /* libPods-CoffeShop-CoffeShopTests.a in Frameworks */ = {isa = PBXBuildFile; fileRef = 19F6CBCC0A4E27FBF8BF4A61 /* libPods-CoffeShop-CoffeShopTests.a */; };
		81AB9BB82411601600AC10FF /* LaunchScreen.storyboard in Resources */ = {isa = PBXBuildFile; fileRef = 81AB9BB72411601600AC10FF /* LaunchScreen.storyboard */; };
		2B53012D44824AD682F231E6 /* app_icons.ttf in Resources */ = {isa = PBXBuildFile; fileRef = C3F184C595F7437E875FCBCE /* app_icons.ttf */; };
		96B9DD4753E6407E9C2C5F51 /* Poppins-Black.ttf in Resources */ = {isa = PBXBuildFile; fileRef = D5CBB54685F748C0B5E9A73D /* Poppins-Black.ttf */; };
		8943A2D51B0A4310A53F926E /* Poppins-Bold.ttf in Resources */ = {isa = PBXBuildFile; fileRef = EA36A0E46D954245B9179056 /* Poppins-Bold.ttf */; };
		4E22B0D08DDD4BAA8D1F84EA /* Poppins-ExtraBold.ttf in Resources */ = {isa = PBXBuildFile; fileRef = 80864265C627456D96B23FF9 /* Poppins-ExtraBold.ttf */; };
		5C998535B7F54A70A0CCDA38 /* Poppins-ExtraLight.ttf in Resources */ = {isa = PBXBuildFile; fileRef = 6C1BECF8CDDD439798FF95C6 /* Poppins-ExtraLight.ttf */; };
		5C70A91A8E994B29A43F04DA /* Poppins-Light.ttf in Resources */ = {isa = PBXBuildFile; fileRef = 8F143FCE40FB4BF589197CBC /* Poppins-Light.ttf */; };
		40C698EDFA6F4FABABFE1160 /* Poppins-Medium.ttf in Resources */ = {isa = PBXBuildFile; fileRef = 3A5C6E67E591489AA01F220C /* Poppins-Medium.ttf */; };
		4D17433A5B59497AA7EE5431 /* Poppins-Regular.ttf in Resources */ = {isa = PBXBuildFile; fileRef = 488EDD8F92C7419B8521497F /* Poppins-Regular.ttf */; };
		71C7888A659A4E65825AA70B /* Poppins-SemiBold.ttf in Resources */ = {isa = PBXBuildFile; fileRef = 088074FF3F1340C8895F16AE /* Poppins-SemiBold.ttf */; };
		772B6BEDD13C4BE2B2C7C1EE /* Poppins-Thin.ttf in Resources */ = {isa = PBXBuildFile; fileRef = 1A41D888DCE94A42A31AA7DF /* Poppins-Thin.ttf */; };
		E2B3737F6D8B4D4E8EFCBD8C /* amazonpay.png in Resources */ = {isa = PBXBuildFile; fileRef = 4AE8E5D1FB1B4DBBB6A38F8C /* amazonpay.png */; };
		C6CD572FE81947D097AB96E9 /* applepay.png in Resources */ = {isa = PBXBuildFile; fileRef = DEBCED1909CA43A89EC7D8FB /* applepay.png */; };
		140AC9BAF4F2489C9A86948C /* avatar.png in Resources */ = {isa = PBXBuildFile; fileRef = 9E8A9B36EBFF4FA39E3D27E5 /* avatar.png */; };
		A620FAAAC55F4699BB925459 /* gpay.png in Resources */ = {isa = PBXBuildFile; fileRef = 57341EF8697E45A798B6BF26 /* gpay.png */; };
		4BCFD9D9F59E478593344FD5 /* americano_pic_1_portrait.png in Resources */ = {isa = PBXBuildFile; fileRef = 9E8A3B372E014545BA6D1693 /* americano_pic_1_portrait.png */; };
		90CCD7DEA9F7418DADBDAACF /* americano_pic_2_portrait.png in Resources */ = {isa = PBXBuildFile; fileRef = 3992D195DE874A5BA1A4C845 /* americano_pic_2_portrait.png */; };
		20E8C02A23254CC38D2B8673 /* americano_pic_3_portrait.png in Resources */ = {isa = PBXBuildFile; fileRef = 25CAD951DFA74EC883139C9D /* americano_pic_3_portrait.png */; };
		6192F110557D4D50B8184FE9 /* americano_pic_1_square.png in Resources */ = {isa = PBXBuildFile; fileRef = ED4A4CE3D48D4E45A885E2C4 /* americano_pic_1_square.png */; };
		9DDC5A997D24496A8B1D005A /* americano_pic_2_square.png in Resources */ = {isa = PBXBuildFile; fileRef = E8104BEA9B1C4B0889234CCA /* americano_pic_2_square.png */; };
		E1F691B0536C490D8A779D36 /* americano_pic_3_square.png in Resources */ = {isa = PBXBuildFile; fileRef = A77BB4D98C9A43848E93D1D6 /* americano_pic_3_square.png */; };
		562871E1BD894505A4682CCF /* arabica_coffee_beans_portrait.png in Resources */ = {isa = PBXBuildFile; fileRef = C08C975675364A5CBF67BEF1 /* arabica_coffee_beans_portrait.png */; };
		F6007E71356D488FBA2DF652 /* arabica_coffee_beans_square.png in Resources */ = {isa = PBXBuildFile; fileRef = 6CE59150AAED49E7A32808F8 /* arabica_coffee_beans_square.png */; };
		B82EE9DD76FA45AA92E9BAEB /* black_coffee_pic_1_portrait.png in Resources */ = {isa = PBXBuildFile; fileRef = 722ABE9FD5D74AC382922C36 /* black_coffee_pic_1_portrait.png */; };
		50C7971E2D844AD4B9E7131A /* black_coffee_pic_2_portrait.png in Resources */ = {isa = PBXBuildFile; fileRef = 170D5BFFCD6344FF9A769E32 /* black_coffee_pic_2_portrait.png */; };
		1EE6A5D50D6A429FAAB5BD11 /* black_coffee_pic_3_portrait.png in Resources */ = {isa = PBXBuildFile; fileRef = E9CBB2168D1B4E31A384607D /* black_coffee_pic_3_portrait.png */; };
		587F6D7238D549FFA51A09D1 /* black_coffee_pic_1_square.png in Resources */ = {isa = PBXBuildFile; fileRef = DB715B15621344AEB1B93C6A /* black_coffee_pic_1_square.png */; };
		B651CAC8F87E48B889CE5C0D /* black_coffee_pic_2_square.png in Resources */ = {isa = PBXBuildFile; fileRef = A7859D5557B0443EBC748DF0 /* black_coffee_pic_2_square.png */; };
		04F2EB4E9E054EA691398033 /* black_coffee_pic_3_square.png in Resources */ = {isa = PBXBuildFile; fileRef = E276B818D3D844BE96CE3E2C /* black_coffee_pic_3_square.png */; };
		DB92868448284A68B8AEE56D /* cappuccino_pic_1_portrait.png in Resources */ = {isa = PBXBuildFile; fileRef = F83152F1EC994F309D9FDBD8 /* cappuccino_pic_1_portrait.png */; };
		14F54492CA6645D08847EE10 /* cappuccino_pic_2_portrait.png in Resources */ = {isa = PBXBuildFile; fileRef = F026588F26934060813A3E19 /* cappuccino_pic_2_portrait.png */; };
		6F77210439C34FACB4585CA4 /* cappuccino_pic_3_portrait.png in Resources */ = {isa = PBXBuildFile; fileRef = 3D7A3DFB450A4C19BDFC817F /* cappuccino_pic_3_portrait.png */; };
		65FC103559104E17B4779C73 /* cappuccino_pic_1_square.png in Resources */ = {isa = PBXBuildFile; fileRef = FDF7C43B1DF2411C839D0AD7 /* cappuccino_pic_1_square.png */; };
		22993711BFF348008BACE181 /* cappuccino_pic_2_square.png in Resources */ = {isa = PBXBuildFile; fileRef = 645C9BA6BF2E4FD4ACC75540 /* cappuccino_pic_2_square.png */; };
		BBB5196F78F24E65970C07C7 /* cappuccino_pic_3_square.png in Resources */ = {isa = PBXBuildFile; fileRef = 1056ACBFDDF748D8A292E56F /* cappuccino_pic_3_square.png */; };
		3133BA940AA248BA9148D28B /* espresso_pic_1_portrait.png in Resources */ = {isa = PBXBuildFile; fileRef = C8BA77230C8441ACB9A0AC6F /* espresso_pic_1_portrait.png */; };
		17C866B963A9499F8528EF90 /* espresso_pic_2_portrait.png in Resources */ = {isa = PBXBuildFile; fileRef = 9337D873E87341D582C7DFFB /* espresso_pic_2_portrait.png */; };
		6CFB3AFD1EE14203964F5ABE /* espresso_pic_3_portrait.png in Resources */ = {isa = PBXBuildFile; fileRef = EEFFBB7F0EC2450781D8DE88 /* espresso_pic_3_portrait.png */; };
		4240EC74792D49D99B2C54EB /* espresso_pic_1_square.png in Resources */ = {isa = PBXBuildFile; fileRef = 150F50038B5C491280DA4991 /* espresso_pic_1_square.png */; };
		949197E9AF4E40438D6EC605 /* espresso_pic_2_square.png in Resources */ = {isa = PBXBuildFile; fileRef = 0402388E97A84D568A7C3204 /* espresso_pic_2_square.png */; };
		2E51E79546554BB68A714BDF /* espresso_pic_3_square.png in Resources */ = {isa = PBXBuildFile; fileRef = 216EA4689E8A42509F751531 /* espresso_pic_3_square.png */; };
		C7064ABD120847D69DC8155D /* excelsa_coffee_beans_portrait.png in Resources */ = {isa = PBXBuildFile; fileRef = 7DFB1FD08A164F7D95D3D08E /* excelsa_coffee_beans_portrait.png */; };
		12DE1D734254438680A2A74A /* excelsa_coffee_beans_square.png in Resources */ = {isa = PBXBuildFile; fileRef = 604D82CEC40C4A0CBBE4FA38 /* excelsa_coffee_beans_square.png */; };
		A5EDBC05E6F14589882D4A64 /* latte_pic_1_portrait.png in Resources */ = {isa = PBXBuildFile; fileRef = 24F104B3608F4D9CAE6E04CA /* latte_pic_1_portrait.png */; };
		EC6CCE2B5F2A4BE09937CC9D /* latte_pic_2_portrait.png in Resources */ = {isa = PBXBuildFile; fileRef = A8703D2EFFE34524AB55BE69 /* latte_pic_2_portrait.png */; };
		C6683BC2862A4571B5E48AA0 /* latte_pic_3_portrait.png in Resources */ = {isa = PBXBuildFile; fileRef = C87B46333BAE4971867E1867 /* latte_pic_3_portrait.png */; };
		6DECE568D242437B961D88AD /* latte_pic_1_square.png in Resources */ = {isa = PBXBuildFile; fileRef = 8C809640249D4FB7B569FE4C /* latte_pic_1_square.png */; };
		A149EB5BD8254D2587B043FC /* latte_pic_2_square.png in Resources */ = {isa = PBXBuildFile; fileRef = CE6A61E2E8CC4B579FFD1890 /* latte_pic_2_square.png */; };
		0F46D981EA0149AE8557067E /* latte_pic_3_square.png in Resources */ = {isa = PBXBuildFile; fileRef = BD94CAEA9A1947719EFFC1CF /* latte_pic_3_square.png */; };
		4555092C6EB34BA1985F7422 /* liberica_coffee_beans_portrait.png in Resources */ = {isa = PBXBuildFile; fileRef = 3E9773B171384A04A5A9E003 /* liberica_coffee_beans_portrait.png */; };
		196D2DC62FFD48C5A0F947F2 /* liberica_coffee_beans_square.png in Resources */ = {isa = PBXBuildFile; fileRef = B86AD2C2DE134F41B2FDCF42 /* liberica_coffee_beans_square.png */; };
		08F5160B366047B3A9F4B83F /* macchiato_pic_1_portrait.png in Resources */ = {isa = PBXBuildFile; fileRef = 9B984E2A9F19471996724D54 /* macchiato_pic_1_portrait.png */; };
		B90DD418DA85479BA7A4A544 /* macchiato_pic_2_portrait.png in Resources */ = {isa = PBXBuildFile; fileRef = B4D7955076234EE2A166751C /* macchiato_pic_2_portrait.png */; };
		4D0E06F461B2496588A30D67 /* macchiato_pic_3_portrait.png in Resources */ = {isa = PBXBuildFile; fileRef = C4057F2DF7C14B6F9699E0D0 /* macchiato_pic_3_portrait.png */; };
		E1A2F1B268874EFE848DEEDB /* macchiato_pic_1_square.png in Resources */ = {isa = PBXBuildFile; fileRef = E280A72FE750489D901BD60F /* macchiato_pic_1_square.png */; };
		ADE8E05464AE4BF5A16BD068 /* macchiato_pic_2_square.png in Resources */ = {isa = PBXBuildFile; fileRef = E972E4EC88DA44A4A628378A /* macchiato_pic_2_square.png */; };
		5DBF264125BE4FFBBE9C1E04 /* macchiato_pic_3_square.png in Resources */ = {isa = PBXBuildFile; fileRef = DE85113905AD471BA328A54A /* macchiato_pic_3_square.png */; };
		6765940A69A547668C91DD62 /* robusta_coffee_beans_portrait.png in Resources */ = {isa = PBXBuildFile; fileRef = F6258F05321A4BE8AB0346E4 /* robusta_coffee_beans_portrait.png */; };
		AC240B2C5D834B1AB1CFCA71 /* robusta_coffee_beans_square.png in Resources */ = {isa = PBXBuildFile; fileRef = 490E7586108E4595A155D81A /* robusta_coffee_beans_square.png */; };
/* End PBXBuildFile section */

/* Begin PBXContainerItemProxy section */
		00E356F41AD99517003FC87E /* PBXContainerItemProxy */ = {
			isa = PBXContainerItemProxy;
			containerPortal = 83CBB9F71A601CBA00E9B192 /* Project object */;
			proxyType = 1;
			remoteGlobalIDString = 13B07F861A680F5B00A75B9A;
			remoteInfo = CoffeShop;
		};
/* End PBXContainerItemProxy section */

/* Begin PBXFileReference section */
		00E356EE1AD99517003FC87E /* CoffeShopTests.xctest */ = {isa = PBXFileReference; explicitFileType = wrapper.cfbundle; includeInIndex = 0; path = CoffeShopTests.xctest; sourceTree = BUILT_PRODUCTS_DIR; };
		00E356F11AD99517003FC87E /* Info.plist */ = {isa = PBXFileReference; lastKnownFileType = text.plist.xml; path = Info.plist; sourceTree = "<group>"; };
		00E356F21AD99517003FC87E /* CoffeShopTests.m */ = {isa = PBXFileReference; lastKnownFileType = sourcecode.c.objc; path = CoffeShopTests.m; sourceTree = "<group>"; };
		13B07F961A680F5B00A75B9A /* CoffeShop.app */ = {isa = PBXFileReference; explicitFileType = wrapper.application; includeInIndex = 0; path = CoffeShop.app; sourceTree = BUILT_PRODUCTS_DIR; };
		13B07FAF1A68108700A75B9A /* AppDelegate.h */ = {isa = PBXFileReference; fileEncoding = 4; lastKnownFileType = sourcecode.c.h; name = AppDelegate.h; path = CoffeShop/AppDelegate.h; sourceTree = "<group>"; };
		13B07FB01A68108700A75B9A /* AppDelegate.mm */ = {isa = PBXFileReference; fileEncoding = 4; lastKnownFileType = sourcecode.cpp.objcpp; name = AppDelegate.mm; path = CoffeShop/AppDelegate.mm; sourceTree = "<group>"; };
		13B07FB51A68108700A75B9A /* Images.xcassets */ = {isa = PBXFileReference; lastKnownFileType = folder.assetcatalog; name = Images.xcassets; path = CoffeShop/Images.xcassets; sourceTree = "<group>"; };
		13B07FB61A68108700A75B9A /* Info.plist */ = {isa = PBXFileReference; fileEncoding = 4; lastKnownFileType = text.plist.xml; name = Info.plist; path = CoffeShop/Info.plist; sourceTree = "<group>"; };
		13B07FB71A68108700A75B9A /* main.m */ = {isa = PBXFileReference; fileEncoding = 4; lastKnownFileType = sourcecode.c.objc; name = main.m; path = CoffeShop/main.m; sourceTree = "<group>"; };
		19F6CBCC0A4E27FBF8BF4A61 /* libPods-CoffeShop-CoffeShopTests.a */ = {isa = PBXFileReference; explicitFileType = archive.ar; includeInIndex = 0; path = "libPods-CoffeShop-CoffeShopTests.a"; sourceTree = BUILT_PRODUCTS_DIR; };
		3B4392A12AC88292D35C810B /* Pods-CoffeShop.debug.xcconfig */ = {isa = PBXFileReference; includeInIndex = 1; lastKnownFileType = text.xcconfig; name = "Pods-CoffeShop.debug.xcconfig"; path = "Target Support Files/Pods-CoffeShop/Pods-CoffeShop.debug.xcconfig"; sourceTree = "<group>"; };
		5709B34CF0A7D63546082F79 /* Pods-CoffeShop.release.xcconfig */ = {isa = PBXFileReference; includeInIndex = 1; lastKnownFileType = text.xcconfig; name = "Pods-CoffeShop.release.xcconfig"; path = "Target Support Files/Pods-CoffeShop/Pods-CoffeShop.release.xcconfig"; sourceTree = "<group>"; };
		5B7EB9410499542E8C5724F5 /* Pods-CoffeShop-CoffeShopTests.debug.xcconfig */ = {isa = PBXFileReference; includeInIndex = 1; lastKnownFileType = text.xcconfig; name = "Pods-CoffeShop-CoffeShopTests.debug.xcconfig"; path = "Target Support Files/Pods-CoffeShop-CoffeShopTests/Pods-CoffeShop-CoffeShopTests.debug.xcconfig"; sourceTree = "<group>"; };
		5DCACB8F33CDC322A6C60F78 /* libPods-CoffeShop.a */ = {isa = PBXFileReference; explicitFileType = archive.ar; includeInIndex = 0; path = "libPods-CoffeShop.a"; sourceTree = BUILT_PRODUCTS_DIR; };
		81AB9BB72411601600AC10FF /* LaunchScreen.storyboard */ = {isa = PBXFileReference; fileEncoding = 4; lastKnownFileType = file.storyboard; name = LaunchScreen.storyboard; path = CoffeShop/LaunchScreen.storyboard; sourceTree = "<group>"; };
		89C6BE57DB24E9ADA2F236DE /* Pods-CoffeShop-CoffeShopTests.release.xcconfig */ = {isa = PBXFileReference; includeInIndex = 1; lastKnownFileType = text.xcconfig; name = "Pods-CoffeShop-CoffeShopTests.release.xcconfig"; path = "Target Support Files/Pods-CoffeShop-CoffeShopTests/Pods-CoffeShop-CoffeShopTests.release.xcconfig"; sourceTree = "<group>"; };
		ED297162215061F000B7C4FE /* JavaScriptCore.framework */ = {isa = PBXFileReference; lastKnownFileType = wrapper.framework; name = JavaScriptCore.framework; path = System/Library/Frameworks/JavaScriptCore.framework; sourceTree = SDKROOT; };
		C3F184C595F7437E875FCBCE /* app_icons.ttf */ = {isa = PBXFileReference; name = "app_icons.ttf"; path = "../src/assets/fonts/app_icons.ttf"; sourceTree = "<group>"; fileEncoding = undefined; lastKnownFileType = unknown; explicitFileType = undefined; includeInIndex = 0; };
		D5CBB54685F748C0B5E9A73D /* Poppins-Black.ttf */ = {isa = PBXFileReference; name = "Poppins-Black.ttf"; path = "../src/assets/fonts/Poppins-Black.ttf"; sourceTree = "<group>"; fileEncoding = undefined; lastKnownFileType = unknown; explicitFileType = undefined; includeInIndex = 0; };
		EA36A0E46D954245B9179056 /* Poppins-Bold.ttf */ = {isa = PBXFileReference; name = "Poppins-Bold.ttf"; path = "../src/assets/fonts/Poppins-Bold.ttf"; sourceTree = "<group>"; fileEncoding = undefined; lastKnownFileType = unknown; explicitFileType = undefined; includeInIndex = 0; };
		80864265C627456D96B23FF9 /* Poppins-ExtraBold.ttf */ = {isa = PBXFileReference; name = "Poppins-ExtraBold.ttf"; path = "../src/assets/fonts/Poppins-ExtraBold.ttf"; sourceTree = "<group>"; fileEncoding = undefined; lastKnownFileType = unknown; explicitFileType = undefined; includeInIndex = 0; };
		6C1BECF8CDDD439798FF95C6 /* Poppins-ExtraLight.ttf */ = {isa = PBXFileReference; name = "Poppins-ExtraLight.ttf"; path = "../src/assets/fonts/Poppins-ExtraLight.ttf"; sourceTree = "<group>"; fileEncoding = undefined; lastKnownFileType = unknown; explicitFileType = undefined; includeInIndex = 0; };
		8F143FCE40FB4BF589197CBC /* Poppins-Light.ttf */ = {isa = PBXFileReference; name = "Poppins-Light.ttf"; path = "../src/assets/fonts/Poppins-Light.ttf"; sourceTree = "<group>"; fileEncoding = undefined; lastKnownFileType = unknown; explicitFileType = undefined; includeInIndex = 0; };
		3A5C6E67E591489AA01F220C /* Poppins-Medium.ttf */ = {isa = PBXFileReference; name = "Poppins-Medium.ttf"; path = "../src/assets/fonts/Poppins-Medium.ttf"; sourceTree = "<group>"; fileEncoding = undefined; lastKnownFileType = unknown; explicitFileType = undefined; includeInIndex = 0; };
		488EDD8F92C7419B8521497F /* Poppins-Regular.ttf */ = {isa = PBXFileReference; name = "Poppins-Regular.ttf"; path = "../src/assets/fonts/Poppins-Regular.ttf"; sourceTree = "<group>"; fileEncoding = undefined; lastKnownFileType = unknown; explicitFileType = undefined; includeInIndex = 0; };
		088074FF3F1340C8895F16AE /* Poppins-SemiBold.ttf */ = {isa = PBXFileReference; name = "Poppins-SemiBold.ttf"; path = "../src/assets/fonts/Poppins-SemiBold.ttf"; sourceTree = "<group>"; fileEncoding = undefined; lastKnownFileType = unknown; explicitFileType = undefined; includeInIndex = 0; };
		1A41D888DCE94A42A31AA7DF /* Poppins-Thin.ttf */ = {isa = PBXFileReference; name = "Poppins-Thin.ttf"; path = "../src/assets/fonts/Poppins-Thin.ttf"; sourceTree = "<group>"; fileEncoding = undefined; lastKnownFileType = unknown; explicitFileType = undefined; includeInIndex = 0; };
		4AE8E5D1FB1B4DBBB6A38F8C /* amazonpay.png */ = {isa = PBXFileReference; name = "amazonpay.png"; path = "../src/assets/app_images/amazonpay.png"; sourceTree = "<group>"; fileEncoding = undefined; lastKnownFileType = unknown; explicitFileType = undefined; includeInIndex = 0; };
		DEBCED1909CA43A89EC7D8FB /* applepay.png */ = {isa = PBXFileReference; name = "applepay.png"; path = "../src/assets/app_images/applepay.png"; sourceTree = "<group>"; fileEncoding = undefined; lastKnownFileType = unknown; explicitFileType = undefined; includeInIndex = 0; };
		9E8A9B36EBFF4FA39E3D27E5 /* avatar.png */ = {isa = PBXFileReference; name = "avatar.png"; path = "../src/assets/app_images/avatar.png"; sourceTree = "<group>"; fileEncoding = undefined; lastKnownFileType = unknown; explicitFileType = undefined; includeInIndex = 0; };
		57341EF8697E45A798B6BF26 /* gpay.png */ = {isa = PBXFileReference; name = "gpay.png"; path = "../src/assets/app_images/gpay.png"; sourceTree = "<group>"; fileEncoding = undefined; lastKnownFileType = unknown; explicitFileType = undefined; includeInIndex = 0; };
		9E8A3B372E014545BA6D1693 /* americano_pic_1_portrait.png */ = {isa = PBXFileReference; name = "americano_pic_1_portrait.png"; path = "../src/assets/coffee_assets/americano/portrait/americano_pic_1_portrait.png"; sourceTree = "<group>"; fileEncoding = undefined; lastKnownFileType = unknown; explicitFileType = undefined; includeInIndex = 0; };
		3992D195DE874A5BA1A4C845 /* americano_pic_2_portrait.png */ = {isa = PBXFileReference; name = "americano_pic_2_portrait.png"; path = "../src/assets/coffee_assets/americano/portrait/americano_pic_2_portrait.png"; sourceTree = "<group>"; fileEncoding = undefined; lastKnownFileType = unknown; explicitFileType = undefined; includeInIndex = 0; };
		25CAD951DFA74EC883139C9D /* americano_pic_3_portrait.png */ = {isa = PBXFileReference; name = "americano_pic_3_portrait.png"; path = "../src/assets/coffee_assets/americano/portrait/americano_pic_3_portrait.png"; sourceTree = "<group>"; fileEncoding = undefined; lastKnownFileType = unknown; explicitFileType = undefined; includeInIndex = 0; };
		ED4A4CE3D48D4E45A885E2C4 /* americano_pic_1_square.png */ = {isa = PBXFileReference; name = "americano_pic_1_square.png"; path = "../src/assets/coffee_assets/americano/square/americano_pic_1_square.png"; sourceTree = "<group>"; fileEncoding = undefined; lastKnownFileType = unknown; explicitFileType = undefined; includeInIndex = 0; };
		E8104BEA9B1C4B0889234CCA /* americano_pic_2_square.png */ = {isa = PBXFileReference; name = "americano_pic_2_square.png"; path = "../src/assets/coffee_assets/americano/square/americano_pic_2_square.png"; sourceTree = "<group>"; fileEncoding = undefined; lastKnownFileType = unknown; explicitFileType = undefined; includeInIndex = 0; };
		A77BB4D98C9A43848E93D1D6 /* americano_pic_3_square.png */ = {isa = PBXFileReference; name = "americano_pic_3_square.png"; path = "../src/assets/coffee_assets/americano/square/americano_pic_3_square.png"; sourceTree = "<group>"; fileEncoding = undefined; lastKnownFileType = unknown; explicitFileType = undefined; includeInIndex = 0; };
		C08C975675364A5CBF67BEF1 /* arabica_coffee_beans_portrait.png */ = {isa = PBXFileReference; name = "arabica_coffee_beans_portrait.png"; path = "../src/assets/coffee_assets/arabica_coffee_beans/arabica_coffee_beans_portrait.png"; sourceTree = "<group>"; fileEncoding = undefined; lastKnownFileType = unknown; explicitFileType = undefined; includeInIndex = 0; };
		6CE59150AAED49E7A32808F8 /* arabica_coffee_beans_square.png */ = {isa = PBXFileReference; name = "arabica_coffee_beans_square.png"; path = "../src/assets/coffee_assets/arabica_coffee_beans/arabica_coffee_beans_square.png"; sourceTree = "<group>"; fileEncoding = undefined; lastKnownFileType = unknown; explicitFileType = undefined; includeInIndex = 0; };
		722ABE9FD5D74AC382922C36 /* black_coffee_pic_1_portrait.png */ = {isa = PBXFileReference; name = "black_coffee_pic_1_portrait.png"; path = "../src/assets/coffee_assets/black_coffee/portrait/black_coffee_pic_1_portrait.png"; sourceTree = "<group>"; fileEncoding = undefined; lastKnownFileType = unknown; explicitFileType = undefined; includeInIndex = 0; };
		170D5BFFCD6344FF9A769E32 /* black_coffee_pic_2_portrait.png */ = {isa = PBXFileReference; name = "black_coffee_pic_2_portrait.png"; path = "../src/assets/coffee_assets/black_coffee/portrait/black_coffee_pic_2_portrait.png"; sourceTree = "<group>"; fileEncoding = undefined; lastKnownFileType = unknown; explicitFileType = undefined; includeInIndex = 0; };
		E9CBB2168D1B4E31A384607D /* black_coffee_pic_3_portrait.png */ = {isa = PBXFileReference; name = "black_coffee_pic_3_portrait.png"; path = "../src/assets/coffee_assets/black_coffee/portrait/black_coffee_pic_3_portrait.png"; sourceTree = "<group>"; fileEncoding = undefined; lastKnownFileType = unknown; explicitFileType = undefined; includeInIndex = 0; };
		DB715B15621344AEB1B93C6A /* black_coffee_pic_1_square.png */ = {isa = PBXFileReference; name = "black_coffee_pic_1_square.png"; path = "../src/assets/coffee_assets/black_coffee/square/black_coffee_pic_1_square.png"; sourceTree = "<group>"; fileEncoding = undefined; lastKnownFileType = unknown; explicitFileType = undefined; includeInIndex = 0; };
		A7859D5557B0443EBC748DF0 /* black_coffee_pic_2_square.png */ = {isa = PBXFileReference; name = "black_coffee_pic_2_square.png"; path = "../src/assets/coffee_assets/black_coffee/square/black_coffee_pic_2_square.png"; sourceTree = "<group>"; fileEncoding = undefined; lastKnownFileType = unknown; explicitFileType = undefined; includeInIndex = 0; };
		E276B818D3D844BE96CE3E2C /* black_coffee_pic_3_square.png */ = {isa = PBXFileReference; name = "black_coffee_pic_3_square.png"; path = "../src/assets/coffee_assets/black_coffee/square/black_coffee_pic_3_square.png"; sourceTree = "<group>"; fileEncoding = undefined; lastKnownFileType = unknown; explicitFileType = undefined; includeInIndex = 0; };
		F83152F1EC994F309D9FDBD8 /* cappuccino_pic_1_portrait.png */ = {isa = PBXFileReference; name = "cappuccino_pic_1_portrait.png"; path = "../src/assets/coffee_assets/cappuccino/portrait/cappuccino_pic_1_portrait.png"; sourceTree = "<group>"; fileEncoding = undefined; lastKnownFileType = unknown; explicitFileType = undefined; includeInIndex = 0; };
		F026588F26934060813A3E19 /* cappuccino_pic_2_portrait.png */ = {isa = PBXFileReference; name = "cappuccino_pic_2_portrait.png"; path = "../src/assets/coffee_assets/cappuccino/portrait/cappuccino_pic_2_portrait.png"; sourceTree = "<group>"; fileEncoding = undefined; lastKnownFileType = unknown; explicitFileType = undefined; includeInIndex = 0; };
		3D7A3DFB450A4C19BDFC817F /* cappuccino_pic_3_portrait.png */ = {isa = PBXFileReference; name = "cappuccino_pic_3_portrait.png"; path = "../src/assets/coffee_assets/cappuccino/portrait/cappuccino_pic_3_portrait.png"; sourceTree = "<group>"; fileEncoding = undefined; lastKnownFileType = unknown; explicitFileType = undefined; includeInIndex = 0; };
		FDF7C43B1DF2411C839D0AD7 /* cappuccino_pic_1_square.png */ = {isa = PBXFileReference; name = "cappuccino_pic_1_square.png"; path = "../src/assets/coffee_assets/cappuccino/square/cappuccino_pic_1_square.png"; sourceTree = "<group>"; fileEncoding = undefined; lastKnownFileType = unknown; explicitFileType = undefined; includeInIndex = 0; };
		645C9BA6BF2E4FD4ACC75540 /* cappuccino_pic_2_square.png */ = {isa = PBXFileReference; name = "cappuccino_pic_2_square.png"; path = "../src/assets/coffee_assets/cappuccino/square/cappuccino_pic_2_square.png"; sourceTree = "<group>"; fileEncoding = undefined; lastKnownFileType = unknown; explicitFileType = undefined; includeInIndex = 0; };
		1056ACBFDDF748D8A292E56F /* cappuccino_pic_3_square.png */ = {isa = PBXFileReference; name = "cappuccino_pic_3_square.png"; path = "../src/assets/coffee_assets/cappuccino/square/cappuccino_pic_3_square.png"; sourceTree = "<group>"; fileEncoding = undefined; lastKnownFileType = unknown; explicitFileType = undefined; includeInIndex = 0; };
		C8BA77230C8441ACB9A0AC6F /* espresso_pic_1_portrait.png */ = {isa = PBXFileReference; name = "espresso_pic_1_portrait.png"; path = "../src/assets/coffee_assets/espresso/portrait/espresso_pic_1_portrait.png"; sourceTree = "<group>"; fileEncoding = undefined; lastKnownFileType = unknown; explicitFileType = undefined; includeInIndex = 0; };
		9337D873E87341D582C7DFFB /* espresso_pic_2_portrait.png */ = {isa = PBXFileReference; name = "espresso_pic_2_portrait.png"; path = "../src/assets/coffee_assets/espresso/portrait/espresso_pic_2_portrait.png"; sourceTree = "<group>"; fileEncoding = undefined; lastKnownFileType = unknown; explicitFileType = undefined; includeInIndex = 0; };
		EEFFBB7F0EC2450781D8DE88 /* espresso_pic_3_portrait.png */ = {isa = PBXFileReference; name = "espresso_pic_3_portrait.png"; path = "../src/assets/coffee_assets/espresso/portrait/espresso_pic_3_portrait.png"; sourceTree = "<group>"; fileEncoding = undefined; lastKnownFileType = unknown; explicitFileType = undefined; includeInIndex = 0; };
		150F50038B5C491280DA4991 /* espresso_pic_1_square.png */ = {isa = PBXFileReference; name = "espresso_pic_1_square.png"; path = "../src/assets/coffee_assets/espresso/square/espresso_pic_1_square.png"; sourceTree = "<group>"; fileEncoding = undefined; lastKnownFileType = unknown; explicitFileType = undefined; includeInIndex = 0; };
		0402388E97A84D568A7C3204 /* espresso_pic_2_square.png */ = {isa = PBXFileReference; name = "espresso_pic_2_square.png"; path = "../src/assets/coffee_assets/espresso/square/espresso_pic_2_square.png"; sourceTree = "<group>"; fileEncoding = undefined; lastKnownFileType = unknown; explicitFileType = undefined; includeInIndex = 0; };
		216EA4689E8A42509F751531 /* espresso_pic_3_square.png */ = {isa = PBXFileReference; name = "espresso_pic_3_square.png"; path = "../src/assets/coffee_assets/espresso/square/espresso_pic_3_square.png"; sourceTree = "<group>"; fileEncoding = undefined; lastKnownFileType = unknown; explicitFileType = undefined; includeInIndex = 0; };
		7DFB1FD08A164F7D95D3D08E /* excelsa_coffee_beans_portrait.png */ = {isa = PBXFileReference; name = "excelsa_coffee_beans_portrait.png"; path = "../src/assets/coffee_assets/excelsa_coffee_beans/excelsa_coffee_beans_portrait.png"; sourceTree = "<group>"; fileEncoding = undefined; lastKnownFileType = unknown; explicitFileType = undefined; includeInIndex = 0; };
		604D82CEC40C4A0CBBE4FA38 /* excelsa_coffee_beans_square.png */ = {isa = PBXFileReference; name = "excelsa_coffee_beans_square.png"; path = "../src/assets/coffee_assets/excelsa_coffee_beans/excelsa_coffee_beans_square.png"; sourceTree = "<group>"; fileEncoding = undefined; lastKnownFileType = unknown; explicitFileType = undefined; includeInIndex = 0; };
		24F104B3608F4D9CAE6E04CA /* latte_pic_1_portrait.png */ = {isa = PBXFileReference; name = "latte_pic_1_portrait.png"; path = "../src/assets/coffee_assets/latte/portrait/latte_pic_1_portrait.png"; sourceTree = "<group>"; fileEncoding = undefined; lastKnownFileType = unknown; explicitFileType = undefined; includeInIndex = 0; };
		A8703D2EFFE34524AB55BE69 /* latte_pic_2_portrait.png */ = {isa = PBXFileReference; name = "latte_pic_2_portrait.png"; path = "../src/assets/coffee_assets/latte/portrait/latte_pic_2_portrait.png"; sourceTree = "<group>"; fileEncoding = undefined; lastKnownFileType = unknown; explicitFileType = undefined; includeInIndex = 0; };
		C87B46333BAE4971867E1867 /* latte_pic_3_portrait.png */ = {isa = PBXFileReference; name = "latte_pic_3_portrait.png"; path = "../src/assets/coffee_assets/latte/portrait/latte_pic_3_portrait.png"; sourceTree = "<group>"; fileEncoding = undefined; lastKnownFileType = unknown; explicitFileType = undefined; includeInIndex = 0; };
		8C809640249D4FB7B569FE4C /* latte_pic_1_square.png */ = {isa = PBXFileReference; name = "latte_pic_1_square.png"; path = "../src/assets/coffee_assets/latte/square/latte_pic_1_square.png"; sourceTree = "<group>"; fileEncoding = undefined; lastKnownFileType = unknown; explicitFileType = undefined; includeInIndex = 0; };
		CE6A61E2E8CC4B579FFD1890 /* latte_pic_2_square.png */ = {isa = PBXFileReference; name = "latte_pic_2_square.png"; path = "../src/assets/coffee_assets/latte/square/latte_pic_2_square.png"; sourceTree = "<group>"; fileEncoding = undefined; lastKnownFileType = unknown; explicitFileType = undefined; includeInIndex = 0; };
		BD94CAEA9A1947719EFFC1CF /* latte_pic_3_square.png */ = {isa = PBXFileReference; name = "latte_pic_3_square.png"; path = "../src/assets/coffee_assets/latte/square/latte_pic_3_square.png"; sourceTree = "<group>"; fileEncoding = undefined; lastKnownFileType = unknown; explicitFileType = undefined; includeInIndex = 0; };
		3E9773B171384A04A5A9E003 /* liberica_coffee_beans_portrait.png */ = {isa = PBXFileReference; name = "liberica_coffee_beans_portrait.png"; path = "../src/assets/coffee_assets/liberica_coffee_beans/liberica_coffee_beans_portrait.png"; sourceTree = "<group>"; fileEncoding = undefined; lastKnownFileType = unknown; explicitFileType = undefined; includeInIndex = 0; };
		B86AD2C2DE134F41B2FDCF42 /* liberica_coffee_beans_square.png */ = {isa = PBXFileReference; name = "liberica_coffee_beans_square.png"; path = "../src/assets/coffee_assets/liberica_coffee_beans/liberica_coffee_beans_square.png"; sourceTree = "<group>"; fileEncoding = undefined; lastKnownFileType = unknown; explicitFileType = undefined; includeInIndex = 0; };
		9B984E2A9F19471996724D54 /* macchiato_pic_1_portrait.png */ = {isa = PBXFileReference; name = "macchiato_pic_1_portrait.png"; path = "../src/assets/coffee_assets/macchiato/portrait/macchiato_pic_1_portrait.png"; sourceTree = "<group>"; fileEncoding = undefined; lastKnownFileType = unknown; explicitFileType = undefined; includeInIndex = 0; };
		B4D7955076234EE2A166751C /* macchiato_pic_2_portrait.png */ = {isa = PBXFileReference; name = "macchiato_pic_2_portrait.png"; path = "../src/assets/coffee_assets/macchiato/portrait/macchiato_pic_2_portrait.png"; sourceTree = "<group>"; fileEncoding = undefined; lastKnownFileType = unknown; explicitFileType = undefined; includeInIndex = 0; };
		C4057F2DF7C14B6F9699E0D0 /* macchiato_pic_3_portrait.png */ = {isa = PBXFileReference; name = "macchiato_pic_3_portrait.png"; path = "../src/assets/coffee_assets/macchiato/portrait/macchiato_pic_3_portrait.png"; sourceTree = "<group>"; fileEncoding = undefined; lastKnownFileType = unknown; explicitFileType = undefined; includeInIndex = 0; };
		E280A72FE750489D901BD60F /* macchiato_pic_1_square.png */ = {isa = PBXFileReference; name = "macchiato_pic_1_square.png"; path = "../src/assets/coffee_assets/macchiato/square/macchiato_pic_1_square.png"; sourceTree = "<group>"; fileEncoding = undefined; lastKnownFileType = unknown; explicitFileType = undefined; includeInIndex = 0; };
		E972E4EC88DA44A4A628378A /* macchiato_pic_2_square.png */ = {isa = PBXFileReference; name = "macchiato_pic_2_square.png"; path = "../src/assets/coffee_assets/macchiato/square/macchiato_pic_2_square.png"; sourceTree = "<group>"; fileEncoding = undefined; lastKnownFileType = unknown; explicitFileType = undefined; includeInIndex = 0; };
		DE85113905AD471BA328A54A /* macchiato_pic_3_square.png */ = {isa = PBXFileReference; name = "macchiato_pic_3_square.png"; path = "../src/assets/coffee_assets/macchiato/square/macchiato_pic_3_square.png"; sourceTree = "<group>"; fileEncoding = undefined; lastKnownFileType = unknown; explicitFileType = undefined; includeInIndex = 0; };
		F6258F05321A4BE8AB0346E4 /* robusta_coffee_beans_portrait.png */ = {isa = PBXFileReference; name = "robusta_coffee_beans_portrait.png"; path = "../src/assets/coffee_assets/robusta_coffee_beans/robusta_coffee_beans_portrait.png"; sourceTree = "<group>"; fileEncoding = undefined; lastKnownFileType = unknown; explicitFileType = undefined; includeInIndex = 0; };
		490E7586108E4595A155D81A /* robusta_coffee_beans_square.png */ = {isa = PBXFileReference; name = "robusta_coffee_beans_square.png"; path = "../src/assets/coffee_assets/robusta_coffee_beans/robusta_coffee_beans_square.png"; sourceTree = "<group>"; fileEncoding = undefined; lastKnownFileType = unknown; explicitFileType = undefined; includeInIndex = 0; };
/* End PBXFileReference section */

/* Begin PBXFrameworksBuildPhase section */
		00E356EB1AD99517003FC87E /* Frameworks */ = {
			isa = PBXFrameworksBuildPhase;
			buildActionMask = 2147483647;
			files = (
				7699B88040F8A987B510C191 /* libPods-CoffeShop-CoffeShopTests.a in Frameworks */,
			);
			runOnlyForDeploymentPostprocessing = 0;
		};
		13B07F8C1A680F5B00A75B9A /* Frameworks */ = {
			isa = PBXFrameworksBuildPhase;
			buildActionMask = 2147483647;
			files = (
				0C80B921A6F3F58F76C31292 /* libPods-CoffeShop.a in Frameworks */,
			);
			runOnlyForDeploymentPostprocessing = 0;
		};
/* End PBXFrameworksBuildPhase section */

/* Begin PBXGroup section */
		00E356EF1AD99517003FC87E /* CoffeShopTests */ = {
			isa = PBXGroup;
			children = (
				00E356F21AD99517003FC87E /* CoffeShopTests.m */,
				00E356F01AD99517003FC87E /* Supporting Files */,
			);
			path = CoffeShopTests;
			sourceTree = "<group>";
		};
		00E356F01AD99517003FC87E /* Supporting Files */ = {
			isa = PBXGroup;
			children = (
				00E356F11AD99517003FC87E /* Info.plist */,
			);
			name = "Supporting Files";
			sourceTree = "<group>";
		};
		13B07FAE1A68108700A75B9A /* CoffeShop */ = {
			isa = PBXGroup;
			children = (
				13B07FAF1A68108700A75B9A /* AppDelegate.h */,
				13B07FB01A68108700A75B9A /* AppDelegate.mm */,
				13B07FB51A68108700A75B9A /* Images.xcassets */,
				13B07FB61A68108700A75B9A /* Info.plist */,
				81AB9BB72411601600AC10FF /* LaunchScreen.storyboard */,
				13B07FB71A68108700A75B9A /* main.m */,
			);
			name = CoffeShop;
			sourceTree = "<group>";
		};
		2D16E6871FA4F8E400B85C8A /* Frameworks */ = {
			isa = PBXGroup;
			children = (
				ED297162215061F000B7C4FE /* JavaScriptCore.framework */,
				5DCACB8F33CDC322A6C60F78 /* libPods-CoffeShop.a */,
				19F6CBCC0A4E27FBF8BF4A61 /* libPods-CoffeShop-CoffeShopTests.a */,
			);
			name = Frameworks;
			sourceTree = "<group>";
		};
		832341AE1AAA6A7D00B99B32 /* Libraries */ = {
			isa = PBXGroup;
			children = (
			);
			name = Libraries;
			sourceTree = "<group>";
		};
		83CBB9F61A601CBA00E9B192 = {
			isa = PBXGroup;
			children = (
				13B07FAE1A68108700A75B9A /* CoffeShop */,
				832341AE1AAA6A7D00B99B32 /* Libraries */,
				00E356EF1AD99517003FC87E /* CoffeShopTests */,
				83CBBA001A601CBA00E9B192 /* Products */,
				2D16E6871FA4F8E400B85C8A /* Frameworks */,
				BBD78D7AC51CEA395F1C20DB /* Pods */,
				87882F11044B4DE6901AE863 /* Resources */,
			);
			indentWidth = 2;
			sourceTree = "<group>";
			tabWidth = 2;
			usesTabs = 0;
		};
		83CBBA001A601CBA00E9B192 /* Products */ = {
			isa = PBXGroup;
			children = (
				13B07F961A680F5B00A75B9A /* CoffeShop.app */,
				00E356EE1AD99517003FC87E /* CoffeShopTests.xctest */,
			);
			name = Products;
			sourceTree = "<group>";
		};
		BBD78D7AC51CEA395F1C20DB /* Pods */ = {
			isa = PBXGroup;
			children = (
				3B4392A12AC88292D35C810B /* Pods-CoffeShop.debug.xcconfig */,
				5709B34CF0A7D63546082F79 /* Pods-CoffeShop.release.xcconfig */,
				5B7EB9410499542E8C5724F5 /* Pods-CoffeShop-CoffeShopTests.debug.xcconfig */,
				89C6BE57DB24E9ADA2F236DE /* Pods-CoffeShop-CoffeShopTests.release.xcconfig */,
			);
			path = Pods;
			sourceTree = "<group>";
		};
		87882F11044B4DE6901AE863 /* Resources */ = {
			isa = "PBXGroup";
			children = (
				C3F184C595F7437E875FCBCE /* app_icons.ttf */,
				D5CBB54685F748C0B5E9A73D /* Poppins-Black.ttf */,
				EA36A0E46D954245B9179056 /* Poppins-Bold.ttf */,
				80864265C627456D96B23FF9 /* Poppins-ExtraBold.ttf */,
				6C1BECF8CDDD439798FF95C6 /* Poppins-ExtraLight.ttf */,
				8F143FCE40FB4BF589197CBC /* Poppins-Light.ttf */,
				3A5C6E67E591489AA01F220C /* Poppins-Medium.ttf */,
				488EDD8F92C7419B8521497F /* Poppins-Regular.ttf */,
				088074FF3F1340C8895F16AE /* Poppins-SemiBold.ttf */,
				1A41D888DCE94A42A31AA7DF /* Poppins-Thin.ttf */,
				4AE8E5D1FB1B4DBBB6A38F8C /* amazonpay.png */,
				DEBCED1909CA43A89EC7D8FB /* applepay.png */,
				9E8A9B36EBFF4FA39E3D27E5 /* avatar.png */,
				57341EF8697E45A798B6BF26 /* gpay.png */,
				9E8A3B372E014545BA6D1693 /* americano_pic_1_portrait.png */,
				3992D195DE874A5BA1A4C845 /* americano_pic_2_portrait.png */,
				25CAD951DFA74EC883139C9D /* americano_pic_3_portrait.png */,
				ED4A4CE3D48D4E45A885E2C4 /* americano_pic_1_square.png */,
				E8104BEA9B1C4B0889234CCA /* americano_pic_2_square.png */,
				A77BB4D98C9A43848E93D1D6 /* americano_pic_3_square.png */,
				C08C975675364A5CBF67BEF1 /* arabica_coffee_beans_portrait.png */,
				6CE59150AAED49E7A32808F8 /* arabica_coffee_beans_square.png */,
				722ABE9FD5D74AC382922C36 /* black_coffee_pic_1_portrait.png */,
				170D5BFFCD6344FF9A769E32 /* black_coffee_pic_2_portrait.png */,
				E9CBB2168D1B4E31A384607D /* black_coffee_pic_3_portrait.png */,
				DB715B15621344AEB1B93C6A /* black_coffee_pic_1_square.png */,
				A7859D5557B0443EBC748DF0 /* black_coffee_pic_2_square.png */,
				E276B818D3D844BE96CE3E2C /* black_coffee_pic_3_square.png */,
				F83152F1EC994F309D9FDBD8 /* cappuccino_pic_1_portrait.png */,
				F026588F26934060813A3E19 /* cappuccino_pic_2_portrait.png */,
				3D7A3DFB450A4C19BDFC817F /* cappuccino_pic_3_portrait.png */,
				FDF7C43B1DF2411C839D0AD7 /* cappuccino_pic_1_square.png */,
				645C9BA6BF2E4FD4ACC75540 /* cappuccino_pic_2_square.png */,
				1056ACBFDDF748D8A292E56F /* cappuccino_pic_3_square.png */,
				C8BA77230C8441ACB9A0AC6F /* espresso_pic_1_portrait.png */,
				9337D873E87341D582C7DFFB /* espresso_pic_2_portrait.png */,
				EEFFBB7F0EC2450781D8DE88 /* espresso_pic_3_portrait.png */,
				150F50038B5C491280DA4991 /* espresso_pic_1_square.png */,
				0402388E97A84D568A7C3204 /* espresso_pic_2_square.png */,
				216EA4689E8A42509F751531 /* espresso_pic_3_square.png */,
				7DFB1FD08A164F7D95D3D08E /* excelsa_coffee_beans_portrait.png */,
				604D82CEC40C4A0CBBE4FA38 /* excelsa_coffee_beans_square.png */,
				24F104B3608F4D9CAE6E04CA /* latte_pic_1_portrait.png */,
				A8703D2EFFE34524AB55BE69 /* latte_pic_2_portrait.png */,
				C87B46333BAE4971867E1867 /* latte_pic_3_portrait.png */,
				8C809640249D4FB7B569FE4C /* latte_pic_1_square.png */,
				CE6A61E2E8CC4B579FFD1890 /* latte_pic_2_square.png */,
				BD94CAEA9A1947719EFFC1CF /* latte_pic_3_square.png */,
				3E9773B171384A04A5A9E003 /* liberica_coffee_beans_portrait.png */,
				B86AD2C2DE134F41B2FDCF42 /* liberica_coffee_beans_square.png */,
				9B984E2A9F19471996724D54 /* macchiato_pic_1_portrait.png */,
				B4D7955076234EE2A166751C /* macchiato_pic_2_portrait.png */,
				C4057F2DF7C14B6F9699E0D0 /* macchiato_pic_3_portrait.png */,
				E280A72FE750489D901BD60F /* macchiato_pic_1_square.png */,
				E972E4EC88DA44A4A628378A /* macchiato_pic_2_square.png */,
				DE85113905AD471BA328A54A /* macchiato_pic_3_square.png */,
				F6258F05321A4BE8AB0346E4 /* robusta_coffee_beans_portrait.png */,
				490E7586108E4595A155D81A /* robusta_coffee_beans_square.png */,
			);
			name = Resources;
			sourceTree = "<group>";
			path = "";
		};
/* End PBXGroup section */

/* Begin PBXNativeTarget section */
		00E356ED1AD99517003FC87E /* CoffeShopTests */ = {
			isa = PBXNativeTarget;
			buildConfigurationList = 00E357021AD99517003FC87E /* Build configuration list for PBXNativeTarget "CoffeShopTests" */;
			buildPhases = (
				A55EABD7B0C7F3A422A6CC61 /* [CP] Check Pods Manifest.lock */,
				00E356EA1AD99517003FC87E /* Sources */,
				00E356EB1AD99517003FC87E /* Frameworks */,
				00E356EC1AD99517003FC87E /* Resources */,
				C59DA0FBD6956966B86A3779 /* [CP] Embed Pods Frameworks */,
				F6A41C54EA430FDDC6A6ED99 /* [CP] Copy Pods Resources */,
			);
			buildRules = (
			);
			dependencies = (
				00E356F51AD99517003FC87E /* PBXTargetDependency */,
			);
			name = CoffeShopTests;
			productName = CoffeShopTests;
			productReference = 00E356EE1AD99517003FC87E /* CoffeShopTests.xctest */;
			productType = "com.apple.product-type.bundle.unit-test";
		};
		13B07F861A680F5B00A75B9A /* CoffeShop */ = {
			isa = PBXNativeTarget;
			buildConfigurationList = 13B07F931A680F5B00A75B9A /* Build configuration list for PBXNativeTarget "CoffeShop" */;
			buildPhases = (
				C38B50BA6285516D6DCD4F65 /* [CP] Check Pods Manifest.lock */,
				13B07F871A680F5B00A75B9A /* Sources */,
				13B07F8C1A680F5B00A75B9A /* Frameworks */,
				13B07F8E1A680F5B00A75B9A /* Resources */,
				00DD1BFF1BD5951E006B06BC /* Bundle React Native code and images */,
				00EEFC60759A1932668264C0 /* [CP] Embed Pods Frameworks */,
				E235C05ADACE081382539298 /* [CP] Copy Pods Resources */,
			);
			buildRules = (
			);
			dependencies = (
			);
			name = CoffeShop;
			productName = CoffeShop;
			productReference = 13B07F961A680F5B00A75B9A /* CoffeShop.app */;
			productType = "com.apple.product-type.application";
		};
/* End PBXNativeTarget section */

/* Begin PBXProject section */
		83CBB9F71A601CBA00E9B192 /* Project object */ = {
			isa = PBXProject;
			attributes = {
				LastUpgradeCheck = 1210;
				TargetAttributes = {
					00E356ED1AD99517003FC87E = {
						CreatedOnToolsVersion = 6.2;
						TestTargetID = 13B07F861A680F5B00A75B9A;
					};
					13B07F861A680F5B00A75B9A = {
						LastSwiftMigration = 1120;
					};
				};
			};
			buildConfigurationList = 83CBB9FA1A601CBA00E9B192 /* Build configuration list for PBXProject "CoffeShop" */;
			compatibilityVersion = "Xcode 12.0";
			developmentRegion = en;
			hasScannedForEncodings = 0;
			knownRegions = (
				en,
				Base,
			);
			mainGroup = 83CBB9F61A601CBA00E9B192;
			productRefGroup = 83CBBA001A601CBA00E9B192 /* Products */;
			projectDirPath = "";
			projectRoot = "";
			targets = (
				13B07F861A680F5B00A75B9A /* CoffeShop */,
				00E356ED1AD99517003FC87E /* CoffeShopTests */,
			);
		};
/* End PBXProject section */

/* Begin PBXResourcesBuildPhase section */
		00E356EC1AD99517003FC87E /* Resources */ = {
			isa = PBXResourcesBuildPhase;
			buildActionMask = 2147483647;
			files = (
			);
			runOnlyForDeploymentPostprocessing = 0;
		};
		13B07F8E1A680F5B00A75B9A /* Resources */ = {
			isa = PBXResourcesBuildPhase;
			buildActionMask = 2147483647;
			files = (
				81AB9BB82411601600AC10FF /* LaunchScreen.storyboard in Resources */,
				13B07FBF1A68108700A75B9A /* Images.xcassets in Resources */,
				2B53012D44824AD682F231E6 /* app_icons.ttf in Resources */,
				96B9DD4753E6407E9C2C5F51 /* Poppins-Black.ttf in Resources */,
				8943A2D51B0A4310A53F926E /* Poppins-Bold.ttf in Resources */,
				4E22B0D08DDD4BAA8D1F84EA /* Poppins-ExtraBold.ttf in Resources */,
				5C998535B7F54A70A0CCDA38 /* Poppins-ExtraLight.ttf in Resources */,
				5C70A91A8E994B29A43F04DA /* Poppins-Light.ttf in Resources */,
				40C698EDFA6F4FABABFE1160 /* Poppins-Medium.ttf in Resources */,
				4D17433A5B59497AA7EE5431 /* Poppins-Regular.ttf in Resources */,
				71C7888A659A4E65825AA70B /* Poppins-SemiBold.ttf in Resources */,
				772B6BEDD13C4BE2B2C7C1EE /* Poppins-Thin.ttf in Resources */,
				E2B3737F6D8B4D4E8EFCBD8C /* amazonpay.png in Resources */,
				C6CD572FE81947D097AB96E9 /* applepay.png in Resources */,
				140AC9BAF4F2489C9A86948C /* avatar.png in Resources */,
				A620FAAAC55F4699BB925459 /* gpay.png in Resources */,
				4BCFD9D9F59E478593344FD5 /* americano_pic_1_portrait.png in Resources */,
				90CCD7DEA9F7418DADBDAACF /* americano_pic_2_portrait.png in Resources */,
				20E8C02A23254CC38D2B8673 /* americano_pic_3_portrait.png in Resources */,
				6192F110557D4D50B8184FE9 /* americano_pic_1_square.png in Resources */,
				9DDC5A997D24496A8B1D005A /* americano_pic_2_square.png in Resources */,
				E1F691B0536C490D8A779D36 /* americano_pic_3_square.png in Resources */,
				562871E1BD894505A4682CCF /* arabica_coffee_beans_portrait.png in Resources */,
				F6007E71356D488FBA2DF652 /* arabica_coffee_beans_square.png in Resources */,
				B82EE9DD76FA45AA92E9BAEB /* black_coffee_pic_1_portrait.png in Resources */,
				50C7971E2D844AD4B9E7131A /* black_coffee_pic_2_portrait.png in Resources */,
				1EE6A5D50D6A429FAAB5BD11 /* black_coffee_pic_3_portrait.png in Resources */,
				587F6D7238D549FFA51A09D1 /* black_coffee_pic_1_square.png in Resources */,
				B651CAC8F87E48B889CE5C0D /* black_coffee_pic_2_square.png in Resources */,
				04F2EB4E9E054EA691398033 /* black_coffee_pic_3_square.png in Resources */,
				DB92868448284A68B8AEE56D /* cappuccino_pic_1_portrait.png in Resources */,
				14F54492CA6645D08847EE10 /* cappuccino_pic_2_portrait.png in Resources */,
				6F77210439C34FACB4585CA4 /* cappuccino_pic_3_portrait.png in Resources */,
				65FC103559104E17B4779C73 /* cappuccino_pic_1_square.png in Resources */,
				22993711BFF348008BACE181 /* cappuccino_pic_2_square.png in Resources */,
				BBB5196F78F24E65970C07C7 /* cappuccino_pic_3_square.png in Resources */,
				3133BA940AA248BA9148D28B /* espresso_pic_1_portrait.png in Resources */,
				17C866B963A9499F8528EF90 /* espresso_pic_2_portrait.png in Resources */,
				6CFB3AFD1EE14203964F5ABE /* espresso_pic_3_portrait.png in Resources */,
				4240EC74792D49D99B2C54EB /* espresso_pic_1_square.png in Resources */,
				949197E9AF4E40438D6EC605 /* espresso_pic_2_square.png in Resources */,
				2E51E79546554BB68A714BDF /* espresso_pic_3_square.png in Resources */,
				C7064ABD120847D69DC8155D /* excelsa_coffee_beans_portrait.png in Resources */,
				12DE1D734254438680A2A74A /* excelsa_coffee_beans_square.png in Resources */,
				A5EDBC05E6F14589882D4A64 /* latte_pic_1_portrait.png in Resources */,
				EC6CCE2B5F2A4BE09937CC9D /* latte_pic_2_portrait.png in Resources */,
				C6683BC2862A4571B5E48AA0 /* latte_pic_3_portrait.png in Resources */,
				6DECE568D242437B961D88AD /* latte_pic_1_square.png in Resources */,
				A149EB5BD8254D2587B043FC /* latte_pic_2_square.png in Resources */,
				0F46D981EA0149AE8557067E /* latte_pic_3_square.png in Resources */,
				4555092C6EB34BA1985F7422 /* liberica_coffee_beans_portrait.png in Resources */,
				196D2DC62FFD48C5A0F947F2 /* liberica_coffee_beans_square.png in Resources */,
				08F5160B366047B3A9F4B83F /* macchiato_pic_1_portrait.png in Resources */,
				B90DD418DA85479BA7A4A544 /* macchiato_pic_2_portrait.png in Resources */,
				4D0E06F461B2496588A30D67 /* macchiato_pic_3_portrait.png in Resources */,
				E1A2F1B268874EFE848DEEDB /* macchiato_pic_1_square.png in Resources */,
				ADE8E05464AE4BF5A16BD068 /* macchiato_pic_2_square.png in Resources */,
				5DBF264125BE4FFBBE9C1E04 /* macchiato_pic_3_square.png in Resources */,
				6765940A69A547668C91DD62 /* robusta_coffee_beans_portrait.png in Resources */,
				AC240B2C5D834B1AB1CFCA71 /* robusta_coffee_beans_square.png in Resources */,
			);
			runOnlyForDeploymentPostprocessing = 0;
		};
/* End PBXResourcesBuildPhase section */

/* Begin PBXShellScriptBuildPhase section */
		00DD1BFF1BD5951E006B06BC /* Bundle React Native code and images */ = {
			isa = PBXShellScriptBuildPhase;
			buildActionMask = 2147483647;
			files = (
			);
			inputPaths = (
				"$(SRCROOT)/.xcode.env.local",
				"$(SRCROOT)/.xcode.env",
			);
			name = "Bundle React Native code and images";
			outputPaths = (
			);
			runOnlyForDeploymentPostprocessing = 0;
			shellPath = /bin/sh;
			shellScript = "set -e\n\nWITH_ENVIRONMENT=\"../node_modules/react-native/scripts/xcode/with-environment.sh\"\nREACT_NATIVE_XCODE=\"../node_modules/react-native/scripts/react-native-xcode.sh\"\n\n/bin/sh -c \"$WITH_ENVIRONMENT $REACT_NATIVE_XCODE\"\n";
		};
		00EEFC60759A1932668264C0 /* [CP] Embed Pods Frameworks */ = {
			isa = PBXShellScriptBuildPhase;
			buildActionMask = 2147483647;
			files = (
			);
			inputFileListPaths = (
				"${PODS_ROOT}/Target Support Files/Pods-CoffeShop/Pods-CoffeShop-frameworks-${CONFIGURATION}-input-files.xcfilelist",
			);
			name = "[CP] Embed Pods Frameworks";
			outputFileListPaths = (
				"${PODS_ROOT}/Target Support Files/Pods-CoffeShop/Pods-CoffeShop-frameworks-${CONFIGURATION}-output-files.xcfilelist",
			);
			runOnlyForDeploymentPostprocessing = 0;
			shellPath = /bin/sh;
			shellScript = "\"${PODS_ROOT}/Target Support Files/Pods-CoffeShop/Pods-CoffeShop-frameworks.sh\"\n";
			showEnvVarsInLog = 0;
		};
		A55EABD7B0C7F3A422A6CC61 /* [CP] Check Pods Manifest.lock */ = {
			isa = PBXShellScriptBuildPhase;
			buildActionMask = 2147483647;
			files = (
			);
			inputFileListPaths = (
			);
			inputPaths = (
				"${PODS_PODFILE_DIR_PATH}/Podfile.lock",
				"${PODS_ROOT}/Manifest.lock",
			);
			name = "[CP] Check Pods Manifest.lock";
			outputFileListPaths = (
			);
			outputPaths = (
				"$(DERIVED_FILE_DIR)/Pods-CoffeShop-CoffeShopTests-checkManifestLockResult.txt",
			);
			runOnlyForDeploymentPostprocessing = 0;
			shellPath = /bin/sh;
			shellScript = "diff \"${PODS_PODFILE_DIR_PATH}/Podfile.lock\" \"${PODS_ROOT}/Manifest.lock\" > /dev/null\nif [ $? != 0 ] ; then\n    # print error to STDERR\n    echo \"error: The sandbox is not in sync with the Podfile.lock. Run 'pod install' or update your CocoaPods installation.\" >&2\n    exit 1\nfi\n# This output is used by Xcode 'outputs' to avoid re-running this script phase.\necho \"SUCCESS\" > \"${SCRIPT_OUTPUT_FILE_0}\"\n";
			showEnvVarsInLog = 0;
		};
		C38B50BA6285516D6DCD4F65 /* [CP] Check Pods Manifest.lock */ = {
			isa = PBXShellScriptBuildPhase;
			buildActionMask = 2147483647;
			files = (
			);
			inputFileListPaths = (
			);
			inputPaths = (
				"${PODS_PODFILE_DIR_PATH}/Podfile.lock",
				"${PODS_ROOT}/Manifest.lock",
			);
			name = "[CP] Check Pods Manifest.lock";
			outputFileListPaths = (
			);
			outputPaths = (
				"$(DERIVED_FILE_DIR)/Pods-CoffeShop-checkManifestLockResult.txt",
			);
			runOnlyForDeploymentPostprocessing = 0;
			shellPath = /bin/sh;
			shellScript = "diff \"${PODS_PODFILE_DIR_PATH}/Podfile.lock\" \"${PODS_ROOT}/Manifest.lock\" > /dev/null\nif [ $? != 0 ] ; then\n    # print error to STDERR\n    echo \"error: The sandbox is not in sync with the Podfile.lock. Run 'pod install' or update your CocoaPods installation.\" >&2\n    exit 1\nfi\n# This output is used by Xcode 'outputs' to avoid re-running this script phase.\necho \"SUCCESS\" > \"${SCRIPT_OUTPUT_FILE_0}\"\n";
			showEnvVarsInLog = 0;
		};
		C59DA0FBD6956966B86A3779 /* [CP] Embed Pods Frameworks */ = {
			isa = PBXShellScriptBuildPhase;
			buildActionMask = 2147483647;
			files = (
			);
			inputFileListPaths = (
				"${PODS_ROOT}/Target Support Files/Pods-CoffeShop-CoffeShopTests/Pods-CoffeShop-CoffeShopTests-frameworks-${CONFIGURATION}-input-files.xcfilelist",
			);
			name = "[CP] Embed Pods Frameworks";
			outputFileListPaths = (
				"${PODS_ROOT}/Target Support Files/Pods-CoffeShop-CoffeShopTests/Pods-CoffeShop-CoffeShopTests-frameworks-${CONFIGURATION}-output-files.xcfilelist",
			);
			runOnlyForDeploymentPostprocessing = 0;
			shellPath = /bin/sh;
			shellScript = "\"${PODS_ROOT}/Target Support Files/Pods-CoffeShop-CoffeShopTests/Pods-CoffeShop-CoffeShopTests-frameworks.sh\"\n";
			showEnvVarsInLog = 0;
		};
		E235C05ADACE081382539298 /* [CP] Copy Pods Resources */ = {
			isa = PBXShellScriptBuildPhase;
			buildActionMask = 2147483647;
			files = (
			);
			inputFileListPaths = (
				"${PODS_ROOT}/Target Support Files/Pods-CoffeShop/Pods-CoffeShop-resources-${CONFIGURATION}-input-files.xcfilelist",
			);
			name = "[CP] Copy Pods Resources";
			outputFileListPaths = (
				"${PODS_ROOT}/Target Support Files/Pods-CoffeShop/Pods-CoffeShop-resources-${CONFIGURATION}-output-files.xcfilelist",
			);
			runOnlyForDeploymentPostprocessing = 0;
			shellPath = /bin/sh;
			shellScript = "\"${PODS_ROOT}/Target Support Files/Pods-CoffeShop/Pods-CoffeShop-resources.sh\"\n";
			showEnvVarsInLog = 0;
		};
		F6A41C54EA430FDDC6A6ED99 /* [CP] Copy Pods Resources */ = {
			isa = PBXShellScriptBuildPhase;
			buildActionMask = 2147483647;
			files = (
			);
			inputFileListPaths = (
				"${PODS_ROOT}/Target Support Files/Pods-CoffeShop-CoffeShopTests/Pods-CoffeShop-CoffeShopTests-resources-${CONFIGURATION}-input-files.xcfilelist",
			);
			name = "[CP] Copy Pods Resources";
			outputFileListPaths = (
				"${PODS_ROOT}/Target Support Files/Pods-CoffeShop-CoffeShopTests/Pods-CoffeShop-CoffeShopTests-resources-${CONFIGURATION}-output-files.xcfilelist",
			);
			runOnlyForDeploymentPostprocessing = 0;
			shellPath = /bin/sh;
			shellScript = "\"${PODS_ROOT}/Target Support Files/Pods-CoffeShop-CoffeShopTests/Pods-CoffeShop-CoffeShopTests-resources.sh\"\n";
			showEnvVarsInLog = 0;
		};
/* End PBXShellScriptBuildPhase section */

/* Begin PBXSourcesBuildPhase section */
		00E356EA1AD99517003FC87E /* Sources */ = {
			isa = PBXSourcesBuildPhase;
			buildActionMask = 2147483647;
			files = (
				00E356F31AD99517003FC87E /* CoffeShopTests.m in Sources */,
			);
			runOnlyForDeploymentPostprocessing = 0;
		};
		13B07F871A680F5B00A75B9A /* Sources */ = {
			isa = PBXSourcesBuildPhase;
			buildActionMask = 2147483647;
			files = (
				13B07FBC1A68108700A75B9A /* AppDelegate.mm in Sources */,
				13B07FC11A68108700A75B9A /* main.m in Sources */,
			);
			runOnlyForDeploymentPostprocessing = 0;
		};
/* End PBXSourcesBuildPhase section */

/* Begin PBXTargetDependency section */
		00E356F51AD99517003FC87E /* PBXTargetDependency */ = {
			isa = PBXTargetDependency;
			target = 13B07F861A680F5B00A75B9A /* CoffeShop */;
			targetProxy = 00E356F41AD99517003FC87E /* PBXContainerItemProxy */;
		};
/* End PBXTargetDependency section */

/* Begin XCBuildConfiguration section */
		00E356F61AD99517003FC87E /* Debug */ = {
			isa = XCBuildConfiguration;
			baseConfigurationReference = 5B7EB9410499542E8C5724F5 /* Pods-CoffeShop-CoffeShopTests.debug.xcconfig */;
			buildSettings = {
				BUNDLE_LOADER = "$(TEST_HOST)";
				GCC_PREPROCESSOR_DEFINITIONS = (
					"DEBUG=1",
					"$(inherited)",
				);
				INFOPLIST_FILE = CoffeShopTests/Info.plist;
				IPHONEOS_DEPLOYMENT_TARGET = 13.4;
				LD_RUNPATH_SEARCH_PATHS = (
					"$(inherited)",
					"@executable_path/Frameworks",
					"@loader_path/Frameworks",
				);
				OTHER_LDFLAGS = (
					"-ObjC",
					"-lc++",
					"$(inherited)",
				);
				PRODUCT_BUNDLE_IDENTIFIER = "org.reactjs.native.example.$(PRODUCT_NAME:rfc1034identifier)";
				PRODUCT_NAME = "$(TARGET_NAME)";
				TEST_HOST = "$(BUILT_PRODUCTS_DIR)/CoffeShop.app/CoffeShop";
			};
			name = Debug;
		};
		00E356F71AD99517003FC87E /* Release */ = {
			isa = XCBuildConfiguration;
			baseConfigurationReference = 89C6BE57DB24E9ADA2F236DE /* Pods-CoffeShop-CoffeShopTests.release.xcconfig */;
			buildSettings = {
				BUNDLE_LOADER = "$(TEST_HOST)";
				COPY_PHASE_STRIP = NO;
				INFOPLIST_FILE = CoffeShopTests/Info.plist;
				IPHONEOS_DEPLOYMENT_TARGET = 13.4;
				LD_RUNPATH_SEARCH_PATHS = (
					"$(inherited)",
					"@executable_path/Frameworks",
					"@loader_path/Frameworks",
				);
				OTHER_LDFLAGS = (
					"-ObjC",
					"-lc++",
					"$(inherited)",
				);
				PRODUCT_BUNDLE_IDENTIFIER = "org.reactjs.native.example.$(PRODUCT_NAME:rfc1034identifier)";
				PRODUCT_NAME = "$(TARGET_NAME)";
				TEST_HOST = "$(BUILT_PRODUCTS_DIR)/CoffeShop.app/CoffeShop";
			};
			name = Release;
		};
		13B07F941A680F5B00A75B9A /* Debug */ = {
			isa = XCBuildConfiguration;
			baseConfigurationReference = 3B4392A12AC88292D35C810B /* Pods-CoffeShop.debug.xcconfig */;
			buildSettings = {
				ASSETCATALOG_COMPILER_APPICON_NAME = AppIcon;
				CLANG_ENABLE_MODULES = YES;
				CURRENT_PROJECT_VERSION = 1;
				ENABLE_BITCODE = NO;
				INFOPLIST_FILE = CoffeShop/Info.plist;
				LD_RUNPATH_SEARCH_PATHS = (
					"$(inherited)",
					"@executable_path/Frameworks",
				);
				MARKETING_VERSION = 1.0;
				OTHER_LDFLAGS = (
					"$(inherited)",
					"-ObjC",
					"-lc++",
				);
				PRODUCT_BUNDLE_IDENTIFIER = "org.reactjs.native.example.$(PRODUCT_NAME:rfc1034identifier)";
				PRODUCT_NAME = CoffeShop;
				SWIFT_OPTIMIZATION_LEVEL = "-Onone";
				SWIFT_VERSION = 5.0;
				VERSIONING_SYSTEM = "apple-generic";
			};
			name = Debug;
		};
		13B07F951A680F5B00A75B9A /* Release */ = {
			isa = XCBuildConfiguration;
			baseConfigurationReference = 5709B34CF0A7D63546082F79 /* Pods-CoffeShop.release.xcconfig */;
			buildSettings = {
				ASSETCATALOG_COMPILER_APPICON_NAME = AppIcon;
				CLANG_ENABLE_MODULES = YES;
				CURRENT_PROJECT_VERSION = 1;
				INFOPLIST_FILE = CoffeShop/Info.plist;
				LD_RUNPATH_SEARCH_PATHS = (
					"$(inherited)",
					"@executable_path/Frameworks",
				);
				MARKETING_VERSION = 1.0;
				OTHER_LDFLAGS = (
					"$(inherited)",
					"-ObjC",
					"-lc++",
				);
				PRODUCT_BUNDLE_IDENTIFIER = "org.reactjs.native.example.$(PRODUCT_NAME:rfc1034identifier)";
				PRODUCT_NAME = CoffeShop;
				SWIFT_VERSION = 5.0;
				VERSIONING_SYSTEM = "apple-generic";
			};
			name = Release;
		};
		83CBBA201A601CBA00E9B192 /* Debug */ = {
			isa = XCBuildConfiguration;
			buildSettings = {
				ALWAYS_SEARCH_USER_PATHS = NO;
				CLANG_ANALYZER_LOCALIZABILITY_NONLOCALIZED = YES;
				CLANG_CXX_LANGUAGE_STANDARD = "c++20";
				CLANG_CXX_LIBRARY = "libc++";
				CLANG_ENABLE_MODULES = YES;
				CLANG_ENABLE_OBJC_ARC = YES;
				CLANG_WARN_BLOCK_CAPTURE_AUTORELEASING = YES;
				CLANG_WARN_BOOL_CONVERSION = YES;
				CLANG_WARN_COMMA = YES;
				CLANG_WARN_CONSTANT_CONVERSION = YES;
				CLANG_WARN_DEPRECATED_OBJC_IMPLEMENTATIONS = YES;
				CLANG_WARN_DIRECT_OBJC_ISA_USAGE = YES_ERROR;
				CLANG_WARN_EMPTY_BODY = YES;
				CLANG_WARN_ENUM_CONVERSION = YES;
				CLANG_WARN_INFINITE_RECURSION = YES;
				CLANG_WARN_INT_CONVERSION = YES;
				CLANG_WARN_NON_LITERAL_NULL_CONVERSION = YES;
				CLANG_WARN_OBJC_IMPLICIT_RETAIN_SELF = YES;
				CLANG_WARN_OBJC_LITERAL_CONVERSION = YES;
				CLANG_WARN_OBJC_ROOT_CLASS = YES_ERROR;
				CLANG_WARN_QUOTED_INCLUDE_IN_FRAMEWORK_HEADER = YES;
				CLANG_WARN_RANGE_LOOP_ANALYSIS = YES;
				CLANG_WARN_STRICT_PROTOTYPES = YES;
				CLANG_WARN_SUSPICIOUS_MOVE = YES;
				CLANG_WARN_UNREACHABLE_CODE = YES;
				CLANG_WARN__DUPLICATE_METHOD_MATCH = YES;
				"CODE_SIGN_IDENTITY[sdk=iphoneos*]" = "iPhone Developer";
				COPY_PHASE_STRIP = NO;
				ENABLE_STRICT_OBJC_MSGSEND = YES;
				ENABLE_TESTABILITY = YES;
				"EXCLUDED_ARCHS[sdk=iphonesimulator*]" = "";
				GCC_C_LANGUAGE_STANDARD = gnu99;
				GCC_DYNAMIC_NO_PIC = NO;
				GCC_NO_COMMON_BLOCKS = YES;
				GCC_OPTIMIZATION_LEVEL = 0;
				GCC_PREPROCESSOR_DEFINITIONS = (
					"DEBUG=1",
					"$(inherited)",
				);
				GCC_SYMBOLS_PRIVATE_EXTERN = NO;
				GCC_WARN_64_TO_32_BIT_CONVERSION = YES;
				GCC_WARN_ABOUT_RETURN_TYPE = YES_ERROR;
				GCC_WARN_UNDECLARED_SELECTOR = YES;
				GCC_WARN_UNINITIALIZED_AUTOS = YES_AGGRESSIVE;
				GCC_WARN_UNUSED_FUNCTION = YES;
				GCC_WARN_UNUSED_VARIABLE = YES;
				IPHONEOS_DEPLOYMENT_TARGET = 13.4;
				LD_RUNPATH_SEARCH_PATHS = (
					/usr/lib/swift,
					"$(inherited)",
				);
				LIBRARY_SEARCH_PATHS = (
					"\"$(SDKROOT)/usr/lib/swift\"",
					"\"$(TOOLCHAIN_DIR)/usr/lib/swift/$(PLATFORM_NAME)\"",
					"\"$(inherited)\"",
				);
				MTL_ENABLE_DEBUG_INFO = YES;
				ONLY_ACTIVE_ARCH = YES;
				OTHER_CPLUSPLUSFLAGS = (
					"$(OTHER_CFLAGS)",
					"-DFOLLY_NO_CONFIG",
					"-DFOLLY_MOBILE=1",
					"-DFOLLY_USE_LIBCPP=1",
					"-DFOLLY_CFG_NO_COROUTINES=1",
				);
				SDKROOT = iphoneos;
			};
			name = Debug;
		};
		83CBBA211A601CBA00E9B192 /* Release */ = {
			isa = XCBuildConfiguration;
			buildSettings = {
				ALWAYS_SEARCH_USER_PATHS = NO;
				CLANG_ANALYZER_LOCALIZABILITY_NONLOCALIZED = YES;
				CLANG_CXX_LANGUAGE_STANDARD = "c++20";
				CLANG_CXX_LIBRARY = "libc++";
				CLANG_ENABLE_MODULES = YES;
				CLANG_ENABLE_OBJC_ARC = YES;
				CLANG_WARN_BLOCK_CAPTURE_AUTORELEASING = YES;
				CLANG_WARN_BOOL_CONVERSION = YES;
				CLANG_WARN_COMMA = YES;
				CLANG_WARN_CONSTANT_CONVERSION = YES;
				CLANG_WARN_DEPRECATED_OBJC_IMPLEMENTATIONS = YES;
				CLANG_WARN_DIRECT_OBJC_ISA_USAGE = YES_ERROR;
				CLANG_WARN_EMPTY_BODY = YES;
				CLANG_WARN_ENUM_CONVERSION = YES;
				CLANG_WARN_INFINITE_RECURSION = YES;
				CLANG_WARN_INT_CONVERSION = YES;
				CLANG_WARN_NON_LITERAL_NULL_CONVERSION = YES;
				CLANG_WARN_OBJC_IMPLICIT_RETAIN_SELF = YES;
				CLANG_WARN_OBJC_LITERAL_CONVERSION = YES;
				CLANG_WARN_OBJC_ROOT_CLASS = YES_ERROR;
				CLANG_WARN_QUOTED_INCLUDE_IN_FRAMEWORK_HEADER = YES;
				CLANG_WARN_RANGE_LOOP_ANALYSIS = YES;
				CLANG_WARN_STRICT_PROTOTYPES = YES;
				CLANG_WARN_SUSPICIOUS_MOVE = YES;
				CLANG_WARN_UNREACHABLE_CODE = YES;
				CLANG_WARN__DUPLICATE_METHOD_MATCH = YES;
				"CODE_SIGN_IDENTITY[sdk=iphoneos*]" = "iPhone Developer";
				COPY_PHASE_STRIP = YES;
				ENABLE_NS_ASSERTIONS = NO;
				ENABLE_STRICT_OBJC_MSGSEND = YES;
				"EXCLUDED_ARCHS[sdk=iphonesimulator*]" = "";
				GCC_C_LANGUAGE_STANDARD = gnu99;
				GCC_NO_COMMON_BLOCKS = YES;
				GCC_WARN_64_TO_32_BIT_CONVERSION = YES;
				GCC_WARN_ABOUT_RETURN_TYPE = YES_ERROR;
				GCC_WARN_UNDECLARED_SELECTOR = YES;
				GCC_WARN_UNINITIALIZED_AUTOS = YES_AGGRESSIVE;
				GCC_WARN_UNUSED_FUNCTION = YES;
				GCC_WARN_UNUSED_VARIABLE = YES;
				IPHONEOS_DEPLOYMENT_TARGET = 13.4;
				LD_RUNPATH_SEARCH_PATHS = (
					/usr/lib/swift,
					"$(inherited)",
				);
				LIBRARY_SEARCH_PATHS = (
					"\"$(SDKROOT)/usr/lib/swift\"",
					"\"$(TOOLCHAIN_DIR)/usr/lib/swift/$(PLATFORM_NAME)\"",
					"\"$(inherited)\"",
				);
				MTL_ENABLE_DEBUG_INFO = NO;
				OTHER_CPLUSPLUSFLAGS = (
					"$(OTHER_CFLAGS)",
					"-DFOLLY_NO_CONFIG",
					"-DFOLLY_MOBILE=1",
					"-DFOLLY_USE_LIBCPP=1",
					"-DFOLLY_CFG_NO_COROUTINES=1",
				);
				SDKROOT = iphoneos;
				VALIDATE_PRODUCT = YES;
			};
			name = Release;
		};
/* End XCBuildConfiguration section */

/* Begin XCConfigurationList section */
		00E357021AD99517003FC87E /* Build configuration list for PBXNativeTarget "CoffeShopTests" */ = {
			isa = XCConfigurationList;
			buildConfigurations = (
				00E356F61AD99517003FC87E /* Debug */,
				00E356F71AD99517003FC87E /* Release */,
			);
			defaultConfigurationIsVisible = 0;
			defaultConfigurationName = Release;
		};
		13B07F931A680F5B00A75B9A /* Build configuration list for PBXNativeTarget "CoffeShop" */ = {
			isa = XCConfigurationList;
			buildConfigurations = (
				13B07F941A680F5B00A75B9A /* Debug */,
				13B07F951A680F5B00A75B9A /* Release */,
			);
			defaultConfigurationIsVisible = 0;
			defaultConfigurationName = Release;
		};
		83CBB9FA1A601CBA00E9B192 /* Build configuration list for PBXProject "CoffeShop" */ = {
			isa = XCConfigurationList;
			buildConfigurations = (
				83CBBA201A601CBA00E9B192 /* Debug */,
				83CBBA211A601CBA00E9B192 /* Release */,
			);
			defaultConfigurationIsVisible = 0;
			defaultConfigurationName = Release;
		};
/* End XCConfigurationList section */
	};
	rootObject = 83CBB9F71A601CBA00E9B192 /* Project object */;
}
